
Microsoft Visual Studio Solution File, Format Version 12.00
# Visual Studio Version 17
VisualStudioVersion = 17.7.34221.43
MinimumVisualStudioVersion = 10.0.40219.1
Project("{FAE04EC0-301F-11D3-BF4B-00C04F79EFBC}") = "FibonacciSeries", "FibonacciSeries\FibonacciSeries.csproj", "{A8CB5AE0-DC76-42DE-A19C-4BD8FC7EB151}"
EndProject
Global
	GlobalSection(SolutionConfigurationPlatforms) = preSolution
		Debug|Any CPU = Debug|Any CPU
		Release|Any CPU = Release|Any CPU
	EndGlobalSection
	GlobalSection(ProjectConfigurationPlatforms) = postSolution
		{A8CB5AE0-DC76-42DE-A19C-4BD8FC7EB151}.Debug|Any CPU.ActiveCfg = Debug|Any CPU
		{A8CB5AE0-DC76-42DE-A19C-4BD8FC7EB151}.Debug|Any CPU.Build.0 = Debug|Any CPU
		{A8CB5AE0-DC76-42DE-A19C-4BD8FC7EB151}.Release|Any CPU.ActiveCfg = Release|Any CPU
		{A8CB5AE0-DC76-42DE-A19C-4BD8FC7EB151}.Release|Any CPU.Build.0 = Release|Any CPU
	EndGlobalSection
	GlobalSection(SolutionProperties) = preSolution
		HideSolutionNode = FALSE
	EndGlobalSection
	GlobalSection(ExtensibilityGlobals) = postSolution
		SolutionGuid = {7BF16989-9832-4B1C-9FA6-FFE9140EED06}
	EndGlobalSection
EndGlobal
