
Microsoft Visual Studio Solution File, Format Version 12.00
# Visual Studio Version 17
VisualStudioVersion = 17.7.34221.43
MinimumVisualStudioVersion = 10.0.40219.1
Project("{FAE04EC0-301F-11D3-BF4B-00C04F79EFBC}") = "StringIsPalendromeOrNot", "StringIsPalendromeOrNot\StringIsPalendromeOrNot.csproj", "{FB800492-6FCA-4071-A3EA-6438E64132A5}"
EndProject
Global
	GlobalSection(SolutionConfigurationPlatforms) = preSolution
		Debug|Any CPU = Debug|Any CPU
		Release|Any CPU = Release|Any CPU
	EndGlobalSection
	GlobalSection(ProjectConfigurationPlatforms) = postSolution
		{FB800492-6FCA-4071-A3EA-6438E64132A5}.Debug|Any CPU.ActiveCfg = Debug|Any CPU
		{FB800492-6FCA-4071-A3EA-6438E64132A5}.Debug|Any CPU.Build.0 = Debug|Any CPU
		{FB800492-6FCA-4071-A3EA-6438E64132A5}.Release|Any CPU.ActiveCfg = Release|Any CPU
		{FB800492-6FCA-4071-A3EA-6438E64132A5}.Release|Any CPU.Build.0 = Release|Any CPU
	EndGlobalSection
	GlobalSection(SolutionProperties) = preSolution
		HideSolutionNode = FALSE
	EndGlobalSection
	GlobalSection(ExtensibilityGlobals) = postSolution
		SolutionGuid = {4005CFD5-F269-4D0A-9396-E932FAFEA3F5}
	EndGlobalSection
EndGlobal
